// !$*UTF8*$!
{
	archiveVersion = 1;
	classes = {
	};
	objectVersion = 56;
	objects = {

/* Begin PBXBuildFile section */
		4FB0992C29B24ED30055ED74 /* AppDelegate.swift in Sources */ = {isa = PBXBuildFile; fileRef = 4FB0992B29B24ED30055ED74 /* AppDelegate.swift */; };
		4FB0993329B24ED30055ED74 /* Main.storyboard in Resources */ = {isa = PBXBuildFile; fileRef = 4FB0993129B24ED30055ED74 /* Main.storyboard */; };
		4FB0993829B24ED50055ED74 /* Assets.xcassets in Resources */ = {isa = PBXBuildFile; fileRef = 4FB0993729B24ED50055ED74 /* Assets.xcassets */; };
		4FB0993B29B24ED50055ED74 /* LaunchScreen.storyboard in Resources */ = {isa = PBXBuildFile; fileRef = 4FB0993929B24ED50055ED74 /* LaunchScreen.storyboard */; };
		4FB0994629B24ED50055ED74 /* RecipleaseTests.swift in Sources */ = {isa = PBXBuildFile; fileRef = 4FB0994529B24ED50055ED74 /* RecipleaseTests.swift */; };
		4FB0995029B24ED50055ED74 /* RecipleaseUITests.swift in Sources */ = {isa = PBXBuildFile; fileRef = 4FB0994F29B24ED50055ED74 /* RecipleaseUITests.swift */; };
		4FB0995229B24ED50055ED74 /* RecipleaseUITestsLaunchTests.swift in Sources */ = {isa = PBXBuildFile; fileRef = 4FB0995129B24ED50055ED74 /* RecipleaseUITestsLaunchTests.swift */; };
		4FB0997829B2600B0055ED74 /* AppConfigurations.swift in Sources */ = {isa = PBXBuildFile; fileRef = 4FB0997729B2600B0055ED74 /* AppConfigurations.swift */; };
		8AA2AED496A558212E40747A /* Pods_RecipleaseTests.framework in Frameworks */ = {isa = PBXBuildFile; fileRef = 80F647AB394652B7ECCC6A44 /* Pods_RecipleaseTests.framework */; };
		BD03550140DEC2CB02850745 /* Pods_Reciplease_RecipleaseUITests.framework in Frameworks */ = {isa = PBXBuildFile; fileRef = 016919F5B9794810E6CEB1EF /* Pods_Reciplease_RecipleaseUITests.framework */; };
		D1DA26C0361127023E0D2FCD /* Pods_Reciplease.framework in Frameworks */ = {isa = PBXBuildFile; fileRef = DD7CDAB47DE6B261AA1B685C /* Pods_Reciplease.framework */; };
		E400B7BC29B6303100CC82C2 /* FridgeIngredientsView.storyboard in Resources */ = {isa = PBXBuildFile; fileRef = E400B7BB29B6303100CC82C2 /* FridgeIngredientsView.storyboard */; };
		E400B7C029B6323D00CC82C2 /* FridgeIngredientsViewController.swift in Sources */ = {isa = PBXBuildFile; fileRef = E400B7BF29B6323D00CC82C2 /* FridgeIngredientsViewController.swift */; };
		E400B7C229B6371800CC82C2 /* RecipesView.storyboard in Resources */ = {isa = PBXBuildFile; fileRef = E400B7C129B6371800CC82C2 /* RecipesView.storyboard */; };
		E400B7C429B6374400CC82C2 /* RecipesViewController.swift in Sources */ = {isa = PBXBuildFile; fileRef = E400B7C329B6374400CC82C2 /* RecipesViewController.swift */; };
		E400B7C929B6385200CC82C2 /* RecipeDetailsView.storyboard in Resources */ = {isa = PBXBuildFile; fileRef = E400B7C829B6385200CC82C2 /* RecipeDetailsView.storyboard */; };
		E400B7CB29B638CD00CC82C2 /* RecipeDetailsViewController.swift in Sources */ = {isa = PBXBuildFile; fileRef = E400B7CA29B638CD00CC82C2 /* RecipeDetailsViewController.swift */; };
		E400B7D029B6392900CC82C2 /* SettingsView.storyboard in Resources */ = {isa = PBXBuildFile; fileRef = E400B7CF29B6392900CC82C2 /* SettingsView.storyboard */; };
		E400B7D429B63DE700CC82C2 /* SearchNavigationController.swift in Sources */ = {isa = PBXBuildFile; fileRef = E400B7D329B63DE700CC82C2 /* SearchNavigationController.swift */; };
		E400B7D629B642FC00CC82C2 /* FavoritesNavigationController.swift in Sources */ = {isa = PBXBuildFile; fileRef = E400B7D529B642FC00CC82C2 /* FavoritesNavigationController.swift */; };
		E400B7D829B643BD00CC82C2 /* SettingsNavigationController.swift in Sources */ = {isa = PBXBuildFile; fileRef = E400B7D729B643BD00CC82C2 /* SettingsNavigationController.swift */; };
		E400B7DA29B643E300CC82C2 /* SettingsViewController.swift in Sources */ = {isa = PBXBuildFile; fileRef = E400B7D929B643E300CC82C2 /* SettingsViewController.swift */; };
		E400B7F629B6562800CC82C2 /* FridgeIngredientsTableViewCell.swift in Sources */ = {isa = PBXBuildFile; fileRef = E400B7F529B6562800CC82C2 /* FridgeIngredientsTableViewCell.swift */; };
		E400B7FA29B657DC00CC82C2 /* RecipesTableViewCell.swift in Sources */ = {isa = PBXBuildFile; fileRef = E400B7F929B657DC00CC82C2 /* RecipesTableViewCell.swift */; };
		E400B7FC29B6593C00CC82C2 /* RecipeDetailsTableViewCell.swift in Sources */ = {isa = PBXBuildFile; fileRef = E400B7FB29B6593C00CC82C2 /* RecipeDetailsTableViewCell.swift */; };
		E407356429B88E8F00631329 /* AppearanceOption.swift in Sources */ = {isa = PBXBuildFile; fileRef = E407356329B88E8F00631329 /* AppearanceOption.swift */; };
		E407356829B8D47800631329 /* AboutViewController.swift in Sources */ = {isa = PBXBuildFile; fileRef = E407356729B8D47800631329 /* AboutViewController.swift */; };
		E407356A29B8D4BD00631329 /* AppearanceViewController.swift in Sources */ = {isa = PBXBuildFile; fileRef = E407356929B8D4BD00631329 /* AppearanceViewController.swift */; };
		E407356C29B8E4B600631329 /* AppearanceTableViewCell.swift in Sources */ = {isa = PBXBuildFile; fileRef = E407356B29B8E4B600631329 /* AppearanceTableViewCell.swift */; };
		E407356E29B8E57B00631329 /* AppearanceViewModel.swift in Sources */ = {isa = PBXBuildFile; fileRef = E407356D29B8E57B00631329 /* AppearanceViewModel.swift */; };
		E407357A29B9119D00631329 /* Localizable.strings in Resources */ = {isa = PBXBuildFile; fileRef = E407357C29B9119D00631329 /* Localizable.strings */; };
		E493C17029B77C8000003E63 /* SettingsViewModel.swift in Sources */ = {isa = PBXBuildFile; fileRef = E493C16F29B77C8000003E63 /* SettingsViewModel.swift */; };
		E493C17229B7851A00003E63 /* SettingsTableViewCell.swift in Sources */ = {isa = PBXBuildFile; fileRef = E493C17129B7851A00003E63 /* SettingsTableViewCell.swift */; };
		E493C17429B787CC00003E63 /* SF-Pro-Text-Medium.otf in Resources */ = {isa = PBXBuildFile; fileRef = E493C17329B787CC00003E63 /* SF-Pro-Text-Medium.otf */; };
		E493C17A29B7AB1B00003E63 /* SettingsOption.swift in Sources */ = {isa = PBXBuildFile; fileRef = E493C17929B7AB1B00003E63 /* SettingsOption.swift */; };
		E49B324529B527010042592C /* FuzzyBubbles-Bold.ttf in Resources */ = {isa = PBXBuildFile; fileRef = E49B324329B508FE0042592C /* FuzzyBubbles-Bold.ttf */; };
		E49B324629B527040042592C /* FuzzyBubbles-Regular.ttf in Resources */ = {isa = PBXBuildFile; fileRef = E49B324229B508FE0042592C /* FuzzyBubbles-Regular.ttf */; };
		E49B324729B527060042592C /* IMFellEnglish-Regular.ttf in Resources */ = {isa = PBXBuildFile; fileRef = E49B324129B506F60042592C /* IMFellEnglish-Regular.ttf */; };
		E4B8EB2E29C20C6300BA0B8C /* UserPreferences.swift in Sources */ = {isa = PBXBuildFile; fileRef = E4B8EB2D29C20C6300BA0B8C /* UserPreferences.swift */; };
/* End PBXBuildFile section */

/* Begin PBXContainerItemProxy section */
		4FB0994229B24ED50055ED74 /* PBXContainerItemProxy */ = {
			isa = PBXContainerItemProxy;
			containerPortal = 4FB0992029B24ED30055ED74 /* Project object */;
			proxyType = 1;
			remoteGlobalIDString = 4FB0992729B24ED30055ED74;
			remoteInfo = Reciplease;
		};
		4FB0994C29B24ED50055ED74 /* PBXContainerItemProxy */ = {
			isa = PBXContainerItemProxy;
			containerPortal = 4FB0992029B24ED30055ED74 /* Project object */;
			proxyType = 1;
			remoteGlobalIDString = 4FB0992729B24ED30055ED74;
			remoteInfo = Reciplease;
		};
/* End PBXContainerItemProxy section */

/* Begin PBXFileReference section */
		016919F5B9794810E6CEB1EF /* Pods_Reciplease_RecipleaseUITests.framework */ = {isa = PBXFileReference; explicitFileType = wrapper.framework; includeInIndex = 0; path = Pods_Reciplease_RecipleaseUITests.framework; sourceTree = BUILT_PRODUCTS_DIR; };
		4FB0992829B24ED30055ED74 /* Reciplease.app */ = {isa = PBXFileReference; explicitFileType = wrapper.application; includeInIndex = 0; path = Reciplease.app; sourceTree = BUILT_PRODUCTS_DIR; };
		4FB0992B29B24ED30055ED74 /* AppDelegate.swift */ = {isa = PBXFileReference; lastKnownFileType = sourcecode.swift; path = AppDelegate.swift; sourceTree = "<group>"; };
		4FB0993229B24ED30055ED74 /* Base */ = {isa = PBXFileReference; lastKnownFileType = file.storyboard; name = Base; path = Base.lproj/Main.storyboard; sourceTree = "<group>"; };
		4FB0993729B24ED50055ED74 /* Assets.xcassets */ = {isa = PBXFileReference; lastKnownFileType = folder.assetcatalog; path = Assets.xcassets; sourceTree = "<group>"; };
		4FB0993A29B24ED50055ED74 /* Base */ = {isa = PBXFileReference; lastKnownFileType = file.storyboard; name = Base; path = Base.lproj/LaunchScreen.storyboard; sourceTree = "<group>"; };
		4FB0993C29B24ED50055ED74 /* Info.plist */ = {isa = PBXFileReference; lastKnownFileType = text.plist.xml; path = Info.plist; sourceTree = "<group>"; };
		4FB0994129B24ED50055ED74 /* RecipleaseTests.xctest */ = {isa = PBXFileReference; explicitFileType = wrapper.cfbundle; includeInIndex = 0; path = RecipleaseTests.xctest; sourceTree = BUILT_PRODUCTS_DIR; };
		4FB0994529B24ED50055ED74 /* RecipleaseTests.swift */ = {isa = PBXFileReference; lastKnownFileType = sourcecode.swift; path = RecipleaseTests.swift; sourceTree = "<group>"; };
		4FB0994B29B24ED50055ED74 /* RecipleaseUITests.xctest */ = {isa = PBXFileReference; explicitFileType = wrapper.cfbundle; includeInIndex = 0; path = RecipleaseUITests.xctest; sourceTree = BUILT_PRODUCTS_DIR; };
		4FB0994F29B24ED50055ED74 /* RecipleaseUITests.swift */ = {isa = PBXFileReference; lastKnownFileType = sourcecode.swift; path = RecipleaseUITests.swift; sourceTree = "<group>"; };
		4FB0995129B24ED50055ED74 /* RecipleaseUITestsLaunchTests.swift */ = {isa = PBXFileReference; lastKnownFileType = sourcecode.swift; path = RecipleaseUITestsLaunchTests.swift; sourceTree = "<group>"; };
		4FB0997729B2600B0055ED74 /* AppConfigurations.swift */ = {isa = PBXFileReference; lastKnownFileType = sourcecode.swift; path = AppConfigurations.swift; sourceTree = "<group>"; };
		4FB0997B29B266660055ED74 /* Secrets.xcconfig */ = {isa = PBXFileReference; lastKnownFileType = text.xcconfig; path = Secrets.xcconfig; sourceTree = "<group>"; };
		6239CC03FEE690AAEB3ABEDE /* Pods-RecipleaseTests.debug.xcconfig */ = {isa = PBXFileReference; includeInIndex = 1; lastKnownFileType = text.xcconfig; name = "Pods-RecipleaseTests.debug.xcconfig"; path = "Target Support Files/Pods-RecipleaseTests/Pods-RecipleaseTests.debug.xcconfig"; sourceTree = "<group>"; };
		6C277BB9C5430D8E38C3C160 /* Pods-Reciplease-RecipleaseUITests.release.xcconfig */ = {isa = PBXFileReference; includeInIndex = 1; lastKnownFileType = text.xcconfig; name = "Pods-Reciplease-RecipleaseUITests.release.xcconfig"; path = "Target Support Files/Pods-Reciplease-RecipleaseUITests/Pods-Reciplease-RecipleaseUITests.release.xcconfig"; sourceTree = "<group>"; };
		7D67839DE7D4051E467D18A5 /* Pods-RecipleaseTests.release.xcconfig */ = {isa = PBXFileReference; includeInIndex = 1; lastKnownFileType = text.xcconfig; name = "Pods-RecipleaseTests.release.xcconfig"; path = "Target Support Files/Pods-RecipleaseTests/Pods-RecipleaseTests.release.xcconfig"; sourceTree = "<group>"; };
		80F647AB394652B7ECCC6A44 /* Pods_RecipleaseTests.framework */ = {isa = PBXFileReference; explicitFileType = wrapper.framework; includeInIndex = 0; path = Pods_RecipleaseTests.framework; sourceTree = BUILT_PRODUCTS_DIR; };
		C8E1A632EE6638D3F25B1523 /* Pods-Reciplease.release.xcconfig */ = {isa = PBXFileReference; includeInIndex = 1; lastKnownFileType = text.xcconfig; name = "Pods-Reciplease.release.xcconfig"; path = "Target Support Files/Pods-Reciplease/Pods-Reciplease.release.xcconfig"; sourceTree = "<group>"; };
		DD7CDAB47DE6B261AA1B685C /* Pods_Reciplease.framework */ = {isa = PBXFileReference; explicitFileType = wrapper.framework; includeInIndex = 0; path = Pods_Reciplease.framework; sourceTree = BUILT_PRODUCTS_DIR; };
		DEF3A27D67F94DA8A25EE1C7 /* Pods-Reciplease-RecipleaseUITests.debug.xcconfig */ = {isa = PBXFileReference; includeInIndex = 1; lastKnownFileType = text.xcconfig; name = "Pods-Reciplease-RecipleaseUITests.debug.xcconfig"; path = "Target Support Files/Pods-Reciplease-RecipleaseUITests/Pods-Reciplease-RecipleaseUITests.debug.xcconfig"; sourceTree = "<group>"; };
		E400B7BB29B6303100CC82C2 /* FridgeIngredientsView.storyboard */ = {isa = PBXFileReference; lastKnownFileType = file.storyboard; path = FridgeIngredientsView.storyboard; sourceTree = "<group>"; };
		E400B7BF29B6323D00CC82C2 /* FridgeIngredientsViewController.swift */ = {isa = PBXFileReference; lastKnownFileType = sourcecode.swift; path = FridgeIngredientsViewController.swift; sourceTree = "<group>"; };
		E400B7C129B6371800CC82C2 /* RecipesView.storyboard */ = {isa = PBXFileReference; lastKnownFileType = file.storyboard; path = RecipesView.storyboard; sourceTree = "<group>"; };
		E400B7C329B6374400CC82C2 /* RecipesViewController.swift */ = {isa = PBXFileReference; lastKnownFileType = sourcecode.swift; path = RecipesViewController.swift; sourceTree = "<group>"; };
		E400B7C829B6385200CC82C2 /* RecipeDetailsView.storyboard */ = {isa = PBXFileReference; lastKnownFileType = file.storyboard; path = RecipeDetailsView.storyboard; sourceTree = "<group>"; };
		E400B7CA29B638CD00CC82C2 /* RecipeDetailsViewController.swift */ = {isa = PBXFileReference; lastKnownFileType = sourcecode.swift; path = RecipeDetailsViewController.swift; sourceTree = "<group>"; };
		E400B7CF29B6392900CC82C2 /* SettingsView.storyboard */ = {isa = PBXFileReference; lastKnownFileType = file.storyboard; path = SettingsView.storyboard; sourceTree = "<group>"; };
		E400B7D329B63DE700CC82C2 /* SearchNavigationController.swift */ = {isa = PBXFileReference; lastKnownFileType = sourcecode.swift; path = SearchNavigationController.swift; sourceTree = "<group>"; };
		E400B7D529B642FC00CC82C2 /* FavoritesNavigationController.swift */ = {isa = PBXFileReference; lastKnownFileType = sourcecode.swift; path = FavoritesNavigationController.swift; sourceTree = "<group>"; };
		E400B7D729B643BD00CC82C2 /* SettingsNavigationController.swift */ = {isa = PBXFileReference; lastKnownFileType = sourcecode.swift; path = SettingsNavigationController.swift; sourceTree = "<group>"; };
		E400B7D929B643E300CC82C2 /* SettingsViewController.swift */ = {isa = PBXFileReference; lastKnownFileType = sourcecode.swift; path = SettingsViewController.swift; sourceTree = "<group>"; };
		E400B7F529B6562800CC82C2 /* FridgeIngredientsTableViewCell.swift */ = {isa = PBXFileReference; lastKnownFileType = sourcecode.swift; path = FridgeIngredientsTableViewCell.swift; sourceTree = "<group>"; };
		E400B7F929B657DC00CC82C2 /* RecipesTableViewCell.swift */ = {isa = PBXFileReference; lastKnownFileType = sourcecode.swift; path = RecipesTableViewCell.swift; sourceTree = "<group>"; };
		E400B7FB29B6593C00CC82C2 /* RecipeDetailsTableViewCell.swift */ = {isa = PBXFileReference; lastKnownFileType = sourcecode.swift; path = RecipeDetailsTableViewCell.swift; sourceTree = "<group>"; };
		E407356329B88E8F00631329 /* AppearanceOption.swift */ = {isa = PBXFileReference; lastKnownFileType = sourcecode.swift; path = AppearanceOption.swift; sourceTree = "<group>"; };
		E407356729B8D47800631329 /* AboutViewController.swift */ = {isa = PBXFileReference; lastKnownFileType = sourcecode.swift; path = AboutViewController.swift; sourceTree = "<group>"; };
		E407356929B8D4BD00631329 /* AppearanceViewController.swift */ = {isa = PBXFileReference; lastKnownFileType = sourcecode.swift; path = AppearanceViewController.swift; sourceTree = "<group>"; };
		E407356B29B8E4B600631329 /* AppearanceTableViewCell.swift */ = {isa = PBXFileReference; lastKnownFileType = sourcecode.swift; path = AppearanceTableViewCell.swift; sourceTree = "<group>"; };
		E407356D29B8E57B00631329 /* AppearanceViewModel.swift */ = {isa = PBXFileReference; lastKnownFileType = sourcecode.swift; path = AppearanceViewModel.swift; sourceTree = "<group>"; };
		E407357729B9044000631329 /* SF-Pro-Text-Regular.otf */ = {isa = PBXFileReference; lastKnownFileType = file; path = "SF-Pro-Text-Regular.otf"; sourceTree = "<group>"; };
		E407357B29B9119D00631329 /* en */ = {isa = PBXFileReference; lastKnownFileType = text.plist.strings; name = en; path = en.lproj/Localizable.strings; sourceTree = "<group>"; };
		E493C16F29B77C8000003E63 /* SettingsViewModel.swift */ = {isa = PBXFileReference; lastKnownFileType = sourcecode.swift; path = SettingsViewModel.swift; sourceTree = "<group>"; };
		E493C17129B7851A00003E63 /* SettingsTableViewCell.swift */ = {isa = PBXFileReference; lastKnownFileType = sourcecode.swift; path = SettingsTableViewCell.swift; sourceTree = "<group>"; };
		E493C17329B787CC00003E63 /* SF-Pro-Text-Medium.otf */ = {isa = PBXFileReference; lastKnownFileType = file; path = "SF-Pro-Text-Medium.otf"; sourceTree = "<group>"; };
		E493C17929B7AB1B00003E63 /* SettingsOption.swift */ = {isa = PBXFileReference; lastKnownFileType = sourcecode.swift; path = SettingsOption.swift; sourceTree = "<group>"; };
		E49B324129B506F60042592C /* IMFellEnglish-Regular.ttf */ = {isa = PBXFileReference; lastKnownFileType = file; path = "IMFellEnglish-Regular.ttf"; sourceTree = "<group>"; };
		E49B324229B508FE0042592C /* FuzzyBubbles-Regular.ttf */ = {isa = PBXFileReference; lastKnownFileType = file; path = "FuzzyBubbles-Regular.ttf"; sourceTree = "<group>"; };
		E49B324329B508FE0042592C /* FuzzyBubbles-Bold.ttf */ = {isa = PBXFileReference; lastKnownFileType = file; path = "FuzzyBubbles-Bold.ttf"; sourceTree = "<group>"; };
		E4B8EB2D29C20C6300BA0B8C /* UserPreferences.swift */ = {isa = PBXFileReference; lastKnownFileType = sourcecode.swift; path = UserPreferences.swift; sourceTree = "<group>"; };
		E712861FCAFAE9467A5F6E80 /* Pods-Reciplease.debug.xcconfig */ = {isa = PBXFileReference; includeInIndex = 1; lastKnownFileType = text.xcconfig; name = "Pods-Reciplease.debug.xcconfig"; path = "Target Support Files/Pods-Reciplease/Pods-Reciplease.debug.xcconfig"; sourceTree = "<group>"; };
/* End PBXFileReference section */

/* Begin PBXFrameworksBuildPhase section */
		4FB0992529B24ED30055ED74 /* Frameworks */ = {
			isa = PBXFrameworksBuildPhase;
			buildActionMask = 2147483647;
			files = (
				D1DA26C0361127023E0D2FCD /* Pods_Reciplease.framework in Frameworks */,
			);
			runOnlyForDeploymentPostprocessing = 0;
		};
		4FB0993E29B24ED50055ED74 /* Frameworks */ = {
			isa = PBXFrameworksBuildPhase;
			buildActionMask = 2147483647;
			files = (
				8AA2AED496A558212E40747A /* Pods_RecipleaseTests.framework in Frameworks */,
			);
			runOnlyForDeploymentPostprocessing = 0;
		};
		4FB0994829B24ED50055ED74 /* Frameworks */ = {
			isa = PBXFrameworksBuildPhase;
			buildActionMask = 2147483647;
			files = (
				BD03550140DEC2CB02850745 /* Pods_Reciplease_RecipleaseUITests.framework in Frameworks */,
			);
			runOnlyForDeploymentPostprocessing = 0;
		};
/* End PBXFrameworksBuildPhase section */

/* Begin PBXGroup section */
		4FB0991F29B24ED30055ED74 = {
			isa = PBXGroup;
			children = (
				4FB0992A29B24ED30055ED74 /* Reciplease */,
				4FB0994429B24ED50055ED74 /* RecipleaseTests */,
				4FB0994E29B24ED50055ED74 /* RecipleaseUITests */,
				4FB0992929B24ED30055ED74 /* Products */,
				80718E0AEDDF2F382CBF3FFA /* Pods */,
				632C892DE92C7D50EDF1775E /* Frameworks */,
			);
			sourceTree = "<group>";
		};
		4FB0992929B24ED30055ED74 /* Products */ = {
			isa = PBXGroup;
			children = (
				4FB0992829B24ED30055ED74 /* Reciplease.app */,
				4FB0994129B24ED50055ED74 /* RecipleaseTests.xctest */,
				4FB0994B29B24ED50055ED74 /* RecipleaseUITests.xctest */,
			);
			name = Products;
			sourceTree = "<group>";
		};
		4FB0992A29B24ED30055ED74 /* Reciplease */ = {
			isa = PBXGroup;
			children = (
				4FB0995E29B24F950055ED74 /* Application */,
				4FB0995F29B250CA0055ED74 /* Presentation */,
				4FB0996829B255D60055ED74 /* Domain */,
				4FB0996929B255EB0055ED74 /* Data */,
				4FB0997029B256A40055ED74 /* Infrastructure */,
				4FB0997229B257360055ED74 /* Common */,
				4FB0997329B257490055ED74 /* Resources */,
			);
			path = Reciplease;
			sourceTree = "<group>";
		};
		4FB0994429B24ED50055ED74 /* RecipleaseTests */ = {
			isa = PBXGroup;
			children = (
				4FB0994529B24ED50055ED74 /* RecipleaseTests.swift */,
			);
			path = RecipleaseTests;
			sourceTree = "<group>";
		};
		4FB0994E29B24ED50055ED74 /* RecipleaseUITests */ = {
			isa = PBXGroup;
			children = (
				4FB0994F29B24ED50055ED74 /* RecipleaseUITests.swift */,
				4FB0995129B24ED50055ED74 /* RecipleaseUITestsLaunchTests.swift */,
			);
			path = RecipleaseUITests;
			sourceTree = "<group>";
		};
		4FB0995E29B24F950055ED74 /* Application */ = {
			isa = PBXGroup;
			children = (
				4FB0992B29B24ED30055ED74 /* AppDelegate.swift */,
				4FB0997729B2600B0055ED74 /* AppConfigurations.swift */,
				E4B8EB2D29C20C6300BA0B8C /* UserPreferences.swift */,
			);
			path = Application;
			sourceTree = "<group>";
		};
		4FB0995F29B250CA0055ED74 /* Presentation */ = {
			isa = PBXGroup;
			children = (
				4FB0996129B2517D0055ED74 /* Flows */,
				E400B7D129B63CF800CC82C2 /* NavigationControllers */,
				4FB0996329B252BF0055ED74 /* FridgeIngredients */,
				4FB0996229B252720055ED74 /* Recipes */,
				E400B7C529B6381400CC82C2 /* RecipeDetails */,
				E400B7CC29B638F300CC82C2 /* Settings */,
				E400B7E029B64E9900CC82C2 /* Utils */,
			);
			path = Presentation;
			sourceTree = "<group>";
		};
		4FB0996129B2517D0055ED74 /* Flows */ = {
			isa = PBXGroup;
			children = (
			);
			path = Flows;
			sourceTree = "<group>";
		};
		4FB0996229B252720055ED74 /* Recipes */ = {
			isa = PBXGroup;
			children = (
				E400B7BD29B6319300CC82C2 /* ViewModel */,
				E400B7BE29B631A500CC82C2 /* View */,
			);
			path = Recipes;
			sourceTree = "<group>";
		};
		4FB0996329B252BF0055ED74 /* FridgeIngredients */ = {
			isa = PBXGroup;
			children = (
				4FB0996429B252EB0055ED74 /* ViewModel */,
				4FB0996529B252F40055ED74 /* View */,
			);
			path = FridgeIngredients;
			sourceTree = "<group>";
		};
		4FB0996429B252EB0055ED74 /* ViewModel */ = {
			isa = PBXGroup;
			children = (
			);
			path = ViewModel;
			sourceTree = "<group>";
		};
		4FB0996529B252F40055ED74 /* View */ = {
			isa = PBXGroup;
			children = (
				E400B7BB29B6303100CC82C2 /* FridgeIngredientsView.storyboard */,
				E400B7BF29B6323D00CC82C2 /* FridgeIngredientsViewController.swift */,
				E400B7F529B6562800CC82C2 /* FridgeIngredientsTableViewCell.swift */,
			);
			path = View;
			sourceTree = "<group>";
		};
		4FB0996829B255D60055ED74 /* Domain */ = {
			isa = PBXGroup;
			children = (
				4FB0997429B25A350055ED74 /* Entities */,
				E400B7E229B64F8900CC82C2 /* UseCases */,
			);
			path = Domain;
			sourceTree = "<group>";
		};
		4FB0996929B255EB0055ED74 /* Data */ = {
			isa = PBXGroup;
			children = (
				4FB0996A29B2560D0055ED74 /* Repositories */,
				4FB0996B29B2561C0055ED74 /* Network */,
				4FB0996C29B256290055ED74 /* PersistentStorages */,
			);
			path = Data;
			sourceTree = "<group>";
		};
		4FB0996A29B2560D0055ED74 /* Repositories */ = {
			isa = PBXGroup;
			children = (
			);
			path = Repositories;
			sourceTree = "<group>";
		};
		4FB0996B29B2561C0055ED74 /* Network */ = {
			isa = PBXGroup;
			children = (
				E400B7FF29B6612A00CC82C2 /* DataMapping */,
			);
			path = Network;
			sourceTree = "<group>";
		};
		4FB0996C29B256290055ED74 /* PersistentStorages */ = {
			isa = PBXGroup;
			children = (
			);
			path = PersistentStorages;
			sourceTree = "<group>";
		};
		4FB0997029B256A40055ED74 /* Infrastructure */ = {
			isa = PBXGroup;
			children = (
				4FB0997129B256B30055ED74 /* Network */,
			);
			path = Infrastructure;
			sourceTree = "<group>";
		};
		4FB0997129B256B30055ED74 /* Network */ = {
			isa = PBXGroup;
			children = (
			);
			path = Network;
			sourceTree = "<group>";
		};
		4FB0997229B257360055ED74 /* Common */ = {
			isa = PBXGroup;
			children = (
			);
			path = Common;
			sourceTree = "<group>";
		};
		4FB0997329B257490055ED74 /* Resources */ = {
			isa = PBXGroup;
			children = (
				E49B324029B506E80042592C /* Fonts */,
				4FB0993729B24ED50055ED74 /* Assets.xcassets */,
				4FB0993C29B24ED50055ED74 /* Info.plist */,
				4FB0997B29B266660055ED74 /* Secrets.xcconfig */,
				4FB0993929B24ED50055ED74 /* LaunchScreen.storyboard */,
				E407357C29B9119D00631329 /* Localizable.strings */,
			);
			path = Resources;
			sourceTree = "<group>";
		};
		4FB0997429B25A350055ED74 /* Entities */ = {
			isa = PBXGroup;
			children = (
			);
			path = Entities;
			sourceTree = "<group>";
		};
		632C892DE92C7D50EDF1775E /* Frameworks */ = {
			isa = PBXGroup;
			children = (
				DD7CDAB47DE6B261AA1B685C /* Pods_Reciplease.framework */,
				016919F5B9794810E6CEB1EF /* Pods_Reciplease_RecipleaseUITests.framework */,
				80F647AB394652B7ECCC6A44 /* Pods_RecipleaseTests.framework */,
			);
			name = Frameworks;
			sourceTree = "<group>";
		};
		80718E0AEDDF2F382CBF3FFA /* Pods */ = {
			isa = PBXGroup;
			children = (
				E712861FCAFAE9467A5F6E80 /* Pods-Reciplease.debug.xcconfig */,
				C8E1A632EE6638D3F25B1523 /* Pods-Reciplease.release.xcconfig */,
				DEF3A27D67F94DA8A25EE1C7 /* Pods-Reciplease-RecipleaseUITests.debug.xcconfig */,
				6C277BB9C5430D8E38C3C160 /* Pods-Reciplease-RecipleaseUITests.release.xcconfig */,
				6239CC03FEE690AAEB3ABEDE /* Pods-RecipleaseTests.debug.xcconfig */,
				7D67839DE7D4051E467D18A5 /* Pods-RecipleaseTests.release.xcconfig */,
			);
			path = Pods;
			sourceTree = "<group>";
		};
		E400B7BD29B6319300CC82C2 /* ViewModel */ = {
			isa = PBXGroup;
			children = (
			);
			path = ViewModel;
			sourceTree = "<group>";
		};
		E400B7BE29B631A500CC82C2 /* View */ = {
			isa = PBXGroup;
			children = (
				E400B7C129B6371800CC82C2 /* RecipesView.storyboard */,
				E400B7C329B6374400CC82C2 /* RecipesViewController.swift */,
				E400B7F929B657DC00CC82C2 /* RecipesTableViewCell.swift */,
			);
			path = View;
			sourceTree = "<group>";
		};
		E400B7C529B6381400CC82C2 /* RecipeDetails */ = {
			isa = PBXGroup;
			children = (
				E400B7C629B6382400CC82C2 /* ViewModel */,
				E400B7C729B6382C00CC82C2 /* View */,
			);
			path = RecipeDetails;
			sourceTree = "<group>";
		};
		E400B7C629B6382400CC82C2 /* ViewModel */ = {
			isa = PBXGroup;
			children = (
			);
			path = ViewModel;
			sourceTree = "<group>";
		};
		E400B7C729B6382C00CC82C2 /* View */ = {
			isa = PBXGroup;
			children = (
				E400B7C829B6385200CC82C2 /* RecipeDetailsView.storyboard */,
				E400B7CA29B638CD00CC82C2 /* RecipeDetailsViewController.swift */,
				E400B7FB29B6593C00CC82C2 /* RecipeDetailsTableViewCell.swift */,
			);
			path = View;
			sourceTree = "<group>";
		};
		E400B7CC29B638F300CC82C2 /* Settings */ = {
			isa = PBXGroup;
			children = (
				E400B7CD29B6390C00CC82C2 /* ViewModel */,
				E400B7CE29B6391500CC82C2 /* View */,
			);
			path = Settings;
			sourceTree = "<group>";
		};
		E400B7CD29B6390C00CC82C2 /* ViewModel */ = {
			isa = PBXGroup;
			children = (
				E493C17929B7AB1B00003E63 /* SettingsOption.swift */,
				E493C16F29B77C8000003E63 /* SettingsViewModel.swift */,
				E407356329B88E8F00631329 /* AppearanceOption.swift */,
				E407356D29B8E57B00631329 /* AppearanceViewModel.swift */,
			);
			path = ViewModel;
			sourceTree = "<group>";
		};
		E400B7CE29B6391500CC82C2 /* View */ = {
			isa = PBXGroup;
			children = (
				E400B7CF29B6392900CC82C2 /* SettingsView.storyboard */,
				E400B7D929B643E300CC82C2 /* SettingsViewController.swift */,
				E493C17129B7851A00003E63 /* SettingsTableViewCell.swift */,
				E407356729B8D47800631329 /* AboutViewController.swift */,
				E407356929B8D4BD00631329 /* AppearanceViewController.swift */,
				E407356B29B8E4B600631329 /* AppearanceTableViewCell.swift */,
			);
			path = View;
			sourceTree = "<group>";
		};
		E400B7D129B63CF800CC82C2 /* NavigationControllers */ = {
			isa = PBXGroup;
			children = (
				E400B7D229B63D1E00CC82C2 /* View */,
			);
			path = NavigationControllers;
			sourceTree = "<group>";
		};
		E400B7D229B63D1E00CC82C2 /* View */ = {
			isa = PBXGroup;
			children = (
				4FB0993129B24ED30055ED74 /* Main.storyboard */,
				E400B7D329B63DE700CC82C2 /* SearchNavigationController.swift */,
				E400B7D529B642FC00CC82C2 /* FavoritesNavigationController.swift */,
				E400B7D729B643BD00CC82C2 /* SettingsNavigationController.swift */,
			);
			path = View;
			sourceTree = "<group>";
		};
		E400B7E029B64E9900CC82C2 /* Utils */ = {
			isa = PBXGroup;
			children = (
				E400B7E129B64EB700CC82C2 /* Extensions */,
			);
			path = Utils;
			sourceTree = "<group>";
		};
		E400B7E129B64EB700CC82C2 /* Extensions */ = {
			isa = PBXGroup;
			children = (
			);
			path = Extensions;
			sourceTree = "<group>";
		};
		E400B7E229B64F8900CC82C2 /* UseCases */ = {
			isa = PBXGroup;
			children = (
			);
			path = UseCases;
			sourceTree = "<group>";
		};
		E400B7FF29B6612A00CC82C2 /* DataMapping */ = {
			isa = PBXGroup;
			children = (
			);
			path = DataMapping;
			sourceTree = "<group>";
		};
		E49B324029B506E80042592C /* Fonts */ = {
			isa = PBXGroup;
			children = (
				E407357729B9044000631329 /* SF-Pro-Text-Regular.otf */,
				E493C17329B787CC00003E63 /* SF-Pro-Text-Medium.otf */,
				E49B324329B508FE0042592C /* FuzzyBubbles-Bold.ttf */,
				E49B324229B508FE0042592C /* FuzzyBubbles-Regular.ttf */,
				E49B324129B506F60042592C /* IMFellEnglish-Regular.ttf */,
			);
			path = Fonts;
			sourceTree = "<group>";
		};
/* End PBXGroup section */

/* Begin PBXNativeTarget section */
		4FB0992729B24ED30055ED74 /* Reciplease */ = {
			isa = PBXNativeTarget;
			buildConfigurationList = 4FB0995529B24ED50055ED74 /* Build configuration list for PBXNativeTarget "Reciplease" */;
			buildPhases = (
				4EF8C1A7853009D1A137127B /* [CP] Check Pods Manifest.lock */,
				4FB0992429B24ED30055ED74 /* Sources */,
				4FB0992529B24ED30055ED74 /* Frameworks */,
				4FB0992629B24ED30055ED74 /* Resources */,
				E44862A929CDC35600A072E5 /* ShellScript */,
				5A5C88F77DEF6F7D85F1DE03 /* [CP] Embed Pods Frameworks */,
			);
			buildRules = (
			);
			dependencies = (
			);
			name = Reciplease;
			productName = Reciplease;
			productReference = 4FB0992829B24ED30055ED74 /* Reciplease.app */;
			productType = "com.apple.product-type.application";
		};
		4FB0994029B24ED50055ED74 /* RecipleaseTests */ = {
			isa = PBXNativeTarget;
			buildConfigurationList = 4FB0995829B24ED50055ED74 /* Build configuration list for PBXNativeTarget "RecipleaseTests" */;
			buildPhases = (
				BFC16689138BB0CE0E1D135F /* [CP] Check Pods Manifest.lock */,
				4FB0993D29B24ED50055ED74 /* Sources */,
				4FB0993E29B24ED50055ED74 /* Frameworks */,
				4FB0993F29B24ED50055ED74 /* Resources */,
				24F2EB34F0F73D3934DB67D2 /* [CP] Embed Pods Frameworks */,
			);
			buildRules = (
			);
			dependencies = (
				4FB0994329B24ED50055ED74 /* PBXTargetDependency */,
			);
			name = RecipleaseTests;
			productName = RecipleaseTests;
			productReference = 4FB0994129B24ED50055ED74 /* RecipleaseTests.xctest */;
			productType = "com.apple.product-type.bundle.unit-test";
		};
		4FB0994A29B24ED50055ED74 /* RecipleaseUITests */ = {
			isa = PBXNativeTarget;
			buildConfigurationList = 4FB0995B29B24ED50055ED74 /* Build configuration list for PBXNativeTarget "RecipleaseUITests" */;
			buildPhases = (
				C9C348289F4DF22051F9D331 /* [CP] Check Pods Manifest.lock */,
				4FB0994729B24ED50055ED74 /* Sources */,
				4FB0994829B24ED50055ED74 /* Frameworks */,
				4FB0994929B24ED50055ED74 /* Resources */,
				4CE5593773B01C895BC4AF1B /* [CP] Embed Pods Frameworks */,
			);
			buildRules = (
			);
			dependencies = (
				4FB0994D29B24ED50055ED74 /* PBXTargetDependency */,
			);
			name = RecipleaseUITests;
			productName = RecipleaseUITests;
			productReference = 4FB0994B29B24ED50055ED74 /* RecipleaseUITests.xctest */;
			productType = "com.apple.product-type.bundle.ui-testing";
		};
/* End PBXNativeTarget section */

/* Begin PBXProject section */
		4FB0992029B24ED30055ED74 /* Project object */ = {
			isa = PBXProject;
			attributes = {
				BuildIndependentTargetsInParallel = 1;
				LastSwiftUpdateCheck = 1420;
				LastUpgradeCheck = 1420;
				TargetAttributes = {
					4FB0992729B24ED30055ED74 = {
						CreatedOnToolsVersion = 14.2;
					};
					4FB0994029B24ED50055ED74 = {
						CreatedOnToolsVersion = 14.2;
						TestTargetID = 4FB0992729B24ED30055ED74;
					};
					4FB0994A29B24ED50055ED74 = {
						CreatedOnToolsVersion = 14.2;
						TestTargetID = 4FB0992729B24ED30055ED74;
					};
				};
			};
			buildConfigurationList = 4FB0992329B24ED30055ED74 /* Build configuration list for PBXProject "Reciplease" */;
			compatibilityVersion = "Xcode 14.0";
			developmentRegion = en;
			hasScannedForEncodings = 0;
			knownRegions = (
				en,
				Base,
			);
			mainGroup = 4FB0991F29B24ED30055ED74;
			productRefGroup = 4FB0992929B24ED30055ED74 /* Products */;
			projectDirPath = "";
			projectRoot = "";
			targets = (
				4FB0992729B24ED30055ED74 /* Reciplease */,
				4FB0994029B24ED50055ED74 /* RecipleaseTests */,
				4FB0994A29B24ED50055ED74 /* RecipleaseUITests */,
			);
		};
/* End PBXProject section */

/* Begin PBXResourcesBuildPhase section */
		4FB0992629B24ED30055ED74 /* Resources */ = {
			isa = PBXResourcesBuildPhase;
			buildActionMask = 2147483647;
			files = (
				E49B324629B527040042592C /* FuzzyBubbles-Regular.ttf in Resources */,
				4FB0993B29B24ED50055ED74 /* LaunchScreen.storyboard in Resources */,
				4FB0993829B24ED50055ED74 /* Assets.xcassets in Resources */,
				E400B7C229B6371800CC82C2 /* RecipesView.storyboard in Resources */,
				E49B324529B527010042592C /* FuzzyBubbles-Bold.ttf in Resources */,
				E493C17429B787CC00003E63 /* SF-Pro-Text-Medium.otf in Resources */,
				4FB0993329B24ED30055ED74 /* Main.storyboard in Resources */,
				E400B7D029B6392900CC82C2 /* SettingsView.storyboard in Resources */,
				E407357A29B9119D00631329 /* Localizable.strings in Resources */,
				E400B7BC29B6303100CC82C2 /* FridgeIngredientsView.storyboard in Resources */,
				E49B324729B527060042592C /* IMFellEnglish-Regular.ttf in Resources */,
				E400B7C929B6385200CC82C2 /* RecipeDetailsView.storyboard in Resources */,
			);
			runOnlyForDeploymentPostprocessing = 0;
		};
		4FB0993F29B24ED50055ED74 /* Resources */ = {
			isa = PBXResourcesBuildPhase;
			buildActionMask = 2147483647;
			files = (
			);
			runOnlyForDeploymentPostprocessing = 0;
		};
		4FB0994929B24ED50055ED74 /* Resources */ = {
			isa = PBXResourcesBuildPhase;
			buildActionMask = 2147483647;
			files = (
			);
			runOnlyForDeploymentPostprocessing = 0;
		};
/* End PBXResourcesBuildPhase section */

/* Begin PBXShellScriptBuildPhase section */
		24F2EB34F0F73D3934DB67D2 /* [CP] Embed Pods Frameworks */ = {
			isa = PBXShellScriptBuildPhase;
			buildActionMask = 2147483647;
			files = (
			);
			inputFileListPaths = (
				"${PODS_ROOT}/Target Support Files/Pods-RecipleaseTests/Pods-RecipleaseTests-frameworks-${CONFIGURATION}-input-files.xcfilelist",
			);
			name = "[CP] Embed Pods Frameworks";
			outputFileListPaths = (
				"${PODS_ROOT}/Target Support Files/Pods-RecipleaseTests/Pods-RecipleaseTests-frameworks-${CONFIGURATION}-output-files.xcfilelist",
			);
			runOnlyForDeploymentPostprocessing = 0;
			shellPath = /bin/sh;
			shellScript = "\"${PODS_ROOT}/Target Support Files/Pods-RecipleaseTests/Pods-RecipleaseTests-frameworks.sh\"\n";
			showEnvVarsInLog = 0;
		};
		4CE5593773B01C895BC4AF1B /* [CP] Embed Pods Frameworks */ = {
			isa = PBXShellScriptBuildPhase;
			buildActionMask = 2147483647;
			files = (
			);
			inputFileListPaths = (
				"${PODS_ROOT}/Target Support Files/Pods-Reciplease-RecipleaseUITests/Pods-Reciplease-RecipleaseUITests-frameworks-${CONFIGURATION}-input-files.xcfilelist",
			);
			name = "[CP] Embed Pods Frameworks";
			outputFileListPaths = (
				"${PODS_ROOT}/Target Support Files/Pods-Reciplease-RecipleaseUITests/Pods-Reciplease-RecipleaseUITests-frameworks-${CONFIGURATION}-output-files.xcfilelist",
			);
			runOnlyForDeploymentPostprocessing = 0;
			shellPath = /bin/sh;
			shellScript = "\"${PODS_ROOT}/Target Support Files/Pods-Reciplease-RecipleaseUITests/Pods-Reciplease-RecipleaseUITests-frameworks.sh\"\n";
			showEnvVarsInLog = 0;
		};
		4EF8C1A7853009D1A137127B /* [CP] Check Pods Manifest.lock */ = {
			isa = PBXShellScriptBuildPhase;
			buildActionMask = 2147483647;
			files = (
			);
			inputFileListPaths = (
			);
			inputPaths = (
				"${PODS_PODFILE_DIR_PATH}/Podfile.lock",
				"${PODS_ROOT}/Manifest.lock",
			);
			name = "[CP] Check Pods Manifest.lock";
			outputFileListPaths = (
			);
			outputPaths = (
				"$(DERIVED_FILE_DIR)/Pods-Reciplease-checkManifestLockResult.txt",
			);
			runOnlyForDeploymentPostprocessing = 0;
			shellPath = /bin/sh;
			shellScript = "diff \"${PODS_PODFILE_DIR_PATH}/Podfile.lock\" \"${PODS_ROOT}/Manifest.lock\" > /dev/null\nif [ $? != 0 ] ; then\n    # print error to STDERR\n    echo \"error: The sandbox is not in sync with the Podfile.lock. Run 'pod install' or update your CocoaPods installation.\" >&2\n    exit 1\nfi\n# This output is used by Xcode 'outputs' to avoid re-running this script phase.\necho \"SUCCESS\" > \"${SCRIPT_OUTPUT_FILE_0}\"\n";
			showEnvVarsInLog = 0;
		};
		5A5C88F77DEF6F7D85F1DE03 /* [CP] Embed Pods Frameworks */ = {
			isa = PBXShellScriptBuildPhase;
			buildActionMask = 2147483647;
			files = (
			);
			inputFileListPaths = (
				"${PODS_ROOT}/Target Support Files/Pods-Reciplease/Pods-Reciplease-frameworks-${CONFIGURATION}-input-files.xcfilelist",
			);
			name = "[CP] Embed Pods Frameworks";
			outputFileListPaths = (
				"${PODS_ROOT}/Target Support Files/Pods-Reciplease/Pods-Reciplease-frameworks-${CONFIGURATION}-output-files.xcfilelist",
			);
			runOnlyForDeploymentPostprocessing = 0;
			shellPath = /bin/sh;
			shellScript = "\"${PODS_ROOT}/Target Support Files/Pods-Reciplease/Pods-Reciplease-frameworks.sh\"\n";
			showEnvVarsInLog = 0;
		};
		BFC16689138BB0CE0E1D135F /* [CP] Check Pods Manifest.lock */ = {
			isa = PBXShellScriptBuildPhase;
			buildActionMask = 2147483647;
			files = (
			);
			inputFileListPaths = (
			);
			inputPaths = (
				"${PODS_PODFILE_DIR_PATH}/Podfile.lock",
				"${PODS_ROOT}/Manifest.lock",
			);
			name = "[CP] Check Pods Manifest.lock";
			outputFileListPaths = (
			);
			outputPaths = (
				"$(DERIVED_FILE_DIR)/Pods-RecipleaseTests-checkManifestLockResult.txt",
			);
			runOnlyForDeploymentPostprocessing = 0;
			shellPath = /bin/sh;
			shellScript = "diff \"${PODS_PODFILE_DIR_PATH}/Podfile.lock\" \"${PODS_ROOT}/Manifest.lock\" > /dev/null\nif [ $? != 0 ] ; then\n    # print error to STDERR\n    echo \"error: The sandbox is not in sync with the Podfile.lock. Run 'pod install' or update your CocoaPods installation.\" >&2\n    exit 1\nfi\n# This output is used by Xcode 'outputs' to avoid re-running this script phase.\necho \"SUCCESS\" > \"${SCRIPT_OUTPUT_FILE_0}\"\n";
			showEnvVarsInLog = 0;
		};
		C9C348289F4DF22051F9D331 /* [CP] Check Pods Manifest.lock */ = {
			isa = PBXShellScriptBuildPhase;
			buildActionMask = 2147483647;
			files = (
			);
			inputFileListPaths = (
			);
			inputPaths = (
				"${PODS_PODFILE_DIR_PATH}/Podfile.lock",
				"${PODS_ROOT}/Manifest.lock",
			);
			name = "[CP] Check Pods Manifest.lock";
			outputFileListPaths = (
			);
			outputPaths = (
				"$(DERIVED_FILE_DIR)/Pods-Reciplease-RecipleaseUITests-checkManifestLockResult.txt",
			);
			runOnlyForDeploymentPostprocessing = 0;
			shellPath = /bin/sh;
			shellScript = "diff \"${PODS_PODFILE_DIR_PATH}/Podfile.lock\" \"${PODS_ROOT}/Manifest.lock\" > /dev/null\nif [ $? != 0 ] ; then\n    # print error to STDERR\n    echo \"error: The sandbox is not in sync with the Podfile.lock. Run 'pod install' or update your CocoaPods installation.\" >&2\n    exit 1\nfi\n# This output is used by Xcode 'outputs' to avoid re-running this script phase.\necho \"SUCCESS\" > \"${SCRIPT_OUTPUT_FILE_0}\"\n";
			showEnvVarsInLog = 0;
		};
		E44862A929CDC35600A072E5 /* ShellScript */ = {
			isa = PBXShellScriptBuildPhase;
			alwaysOutOfDate = 1;
			buildActionMask = 2147483647;
			files = (
			);
			inputFileListPaths = (
			);
			inputPaths = (
			);
			outputFileListPaths = (
			);
			outputPaths = (
			);
			runOnlyForDeploymentPostprocessing = 0;
			shellPath = /bin/sh;
			shellScript = "export PATH=\"$PATH:/opt/homebrew/bin\"\nif which swiftlint > /dev/null; then\n  swiftlint\nelse\n  echo \"warning: SwiftLint not installed, download from https://github.com/realm/SwiftLint\"\nfi\n";
		};
/* End PBXShellScriptBuildPhase section */

/* Begin PBXSourcesBuildPhase section */
		4FB0992429B24ED30055ED74 /* Sources */ = {
			isa = PBXSourcesBuildPhase;
			buildActionMask = 2147483647;
			files = (
				E400B7C429B6374400CC82C2 /* RecipesViewController.swift in Sources */,
				E400B7CB29B638CD00CC82C2 /* RecipeDetailsViewController.swift in Sources */,
				E400B7D829B643BD00CC82C2 /* SettingsNavigationController.swift in Sources */,
				E493C17229B7851A00003E63 /* SettingsTableViewCell.swift in Sources */,
				4FB0992C29B24ED30055ED74 /* AppDelegate.swift in Sources */,
				E407356A29B8D4BD00631329 /* AppearanceViewController.swift in Sources */,
				E407356C29B8E4B600631329 /* AppearanceTableViewCell.swift in Sources */,
				E407356429B88E8F00631329 /* AppearanceOption.swift in Sources */,
				E400B7FC29B6593C00CC82C2 /* RecipeDetailsTableViewCell.swift in Sources */,
				E400B7FA29B657DC00CC82C2 /* RecipesTableViewCell.swift in Sources */,
				4FB0997829B2600B0055ED74 /* AppConfigurations.swift in Sources */,
				E493C17029B77C8000003E63 /* SettingsViewModel.swift in Sources */,
				E400B7F629B6562800CC82C2 /* FridgeIngredientsTableViewCell.swift in Sources */,
				E407356829B8D47800631329 /* AboutViewController.swift in Sources */,
				E400B7C029B6323D00CC82C2 /* FridgeIngredientsViewController.swift in Sources */,
				E4B8EB2E29C20C6300BA0B8C /* UserPreferences.swift in Sources */,
				E407356E29B8E57B00631329 /* AppearanceViewModel.swift in Sources */,
				E493C17A29B7AB1B00003E63 /* SettingsOption.swift in Sources */,
				E400B7D429B63DE700CC82C2 /* SearchNavigationController.swift in Sources */,
				E400B7D629B642FC00CC82C2 /* FavoritesNavigationController.swift in Sources */,
				E400B7DA29B643E300CC82C2 /* SettingsViewController.swift in Sources */,
			);
			runOnlyForDeploymentPostprocessing = 0;
		};
		4FB0993D29B24ED50055ED74 /* Sources */ = {
			isa = PBXSourcesBuildPhase;
			buildActionMask = 2147483647;
			files = (
				4FB0994629B24ED50055ED74 /* RecipleaseTests.swift in Sources */,
			);
			runOnlyForDeploymentPostprocessing = 0;
		};
		4FB0994729B24ED50055ED74 /* Sources */ = {
			isa = PBXSourcesBuildPhase;
			buildActionMask = 2147483647;
			files = (
				4FB0995029B24ED50055ED74 /* RecipleaseUITests.swift in Sources */,
				4FB0995229B24ED50055ED74 /* RecipleaseUITestsLaunchTests.swift in Sources */,
			);
			runOnlyForDeploymentPostprocessing = 0;
		};
/* End PBXSourcesBuildPhase section */

/* Begin PBXTargetDependency section */
		4FB0994329B24ED50055ED74 /* PBXTargetDependency */ = {
			isa = PBXTargetDependency;
			target = 4FB0992729B24ED30055ED74 /* Reciplease */;
			targetProxy = 4FB0994229B24ED50055ED74 /* PBXContainerItemProxy */;
		};
		4FB0994D29B24ED50055ED74 /* PBXTargetDependency */ = {
			isa = PBXTargetDependency;
			target = 4FB0992729B24ED30055ED74 /* Reciplease */;
			targetProxy = 4FB0994C29B24ED50055ED74 /* PBXContainerItemProxy */;
		};
/* End PBXTargetDependency section */

/* Begin PBXVariantGroup section */
		4FB0993129B24ED30055ED74 /* Main.storyboard */ = {
			isa = PBXVariantGroup;
			children = (
				4FB0993229B24ED30055ED74 /* Base */,
			);
			name = Main.storyboard;
			sourceTree = "<group>";
		};
		4FB0993929B24ED50055ED74 /* LaunchScreen.storyboard */ = {
			isa = PBXVariantGroup;
			children = (
				4FB0993A29B24ED50055ED74 /* Base */,
			);
			name = LaunchScreen.storyboard;
			sourceTree = "<group>";
		};
		E407357C29B9119D00631329 /* Localizable.strings */ = {
			isa = PBXVariantGroup;
			children = (
				E407357B29B9119D00631329 /* en */,
			);
			name = Localizable.strings;
			sourceTree = "<group>";
		};
/* End PBXVariantGroup section */

/* Begin XCBuildConfiguration section */
		4FB0995329B24ED50055ED74 /* Debug */ = {
			isa = XCBuildConfiguration;
			baseConfigurationReference = 4FB0997B29B266660055ED74 /* Secrets.xcconfig */;
			buildSettings = {
				ALWAYS_SEARCH_USER_PATHS = NO;
				CLANG_ANALYZER_NONNULL = YES;
				CLANG_ANALYZER_NUMBER_OBJECT_CONVERSION = YES_AGGRESSIVE;
				CLANG_CXX_LANGUAGE_STANDARD = "gnu++20";
				CLANG_ENABLE_MODULES = YES;
				CLANG_ENABLE_OBJC_ARC = YES;
				CLANG_ENABLE_OBJC_WEAK = YES;
				CLANG_WARN_BLOCK_CAPTURE_AUTORELEASING = YES;
				CLANG_WARN_BOOL_CONVERSION = YES;
				CLANG_WARN_COMMA = YES;
				CLANG_WARN_CONSTANT_CONVERSION = YES;
				CLANG_WARN_DEPRECATED_OBJC_IMPLEMENTATIONS = YES;
				CLANG_WARN_DIRECT_OBJC_ISA_USAGE = YES_ERROR;
				CLANG_WARN_DOCUMENTATION_COMMENTS = YES;
				CLANG_WARN_EMPTY_BODY = YES;
				CLANG_WARN_ENUM_CONVERSION = YES;
				CLANG_WARN_INFINITE_RECURSION = YES;
				CLANG_WARN_INT_CONVERSION = YES;
				CLANG_WARN_NON_LITERAL_NULL_CONVERSION = YES;
				CLANG_WARN_OBJC_IMPLICIT_RETAIN_SELF = YES;
				CLANG_WARN_OBJC_LITERAL_CONVERSION = YES;
				CLANG_WARN_OBJC_ROOT_CLASS = YES_ERROR;
				CLANG_WARN_QUOTED_INCLUDE_IN_FRAMEWORK_HEADER = YES;
				CLANG_WARN_RANGE_LOOP_ANALYSIS = YES;
				CLANG_WARN_STRICT_PROTOTYPES = YES;
				CLANG_WARN_SUSPICIOUS_MOVE = YES;
				CLANG_WARN_UNGUARDED_AVAILABILITY = YES_AGGRESSIVE;
				CLANG_WARN_UNREACHABLE_CODE = YES;
				CLANG_WARN__DUPLICATE_METHOD_MATCH = YES;
				COPY_PHASE_STRIP = NO;
				DEBUG_INFORMATION_FORMAT = dwarf;
				ENABLE_STRICT_OBJC_MSGSEND = YES;
				ENABLE_TESTABILITY = YES;
				GCC_C_LANGUAGE_STANDARD = gnu11;
				GCC_DYNAMIC_NO_PIC = NO;
				GCC_NO_COMMON_BLOCKS = YES;
				GCC_OPTIMIZATION_LEVEL = 0;
				GCC_PREPROCESSOR_DEFINITIONS = (
					"DEBUG=1",
					"$(inherited)",
				);
				GCC_WARN_64_TO_32_BIT_CONVERSION = YES;
				GCC_WARN_ABOUT_RETURN_TYPE = YES_ERROR;
				GCC_WARN_UNDECLARED_SELECTOR = YES;
				GCC_WARN_UNINITIALIZED_AUTOS = YES_AGGRESSIVE;
				GCC_WARN_UNUSED_FUNCTION = YES;
				GCC_WARN_UNUSED_VARIABLE = YES;
				IPHONEOS_DEPLOYMENT_TARGET = 16.2;
				MTL_ENABLE_DEBUG_INFO = INCLUDE_SOURCE;
				MTL_FAST_MATH = YES;
				ONLY_ACTIVE_ARCH = YES;
				SDKROOT = iphoneos;
				SWIFT_ACTIVE_COMPILATION_CONDITIONS = DEBUG;
				SWIFT_OPTIMIZATION_LEVEL = "-Onone";
			};
			name = Debug;
		};
		4FB0995429B24ED50055ED74 /* Release */ = {
			isa = XCBuildConfiguration;
			baseConfigurationReference = 4FB0997B29B266660055ED74 /* Secrets.xcconfig */;
			buildSettings = {
				ALWAYS_SEARCH_USER_PATHS = NO;
				CLANG_ANALYZER_NONNULL = YES;
				CLANG_ANALYZER_NUMBER_OBJECT_CONVERSION = YES_AGGRESSIVE;
				CLANG_CXX_LANGUAGE_STANDARD = "gnu++20";
				CLANG_ENABLE_MODULES = YES;
				CLANG_ENABLE_OBJC_ARC = YES;
				CLANG_ENABLE_OBJC_WEAK = YES;
				CLANG_WARN_BLOCK_CAPTURE_AUTORELEASING = YES;
				CLANG_WARN_BOOL_CONVERSION = YES;
				CLANG_WARN_COMMA = YES;
				CLANG_WARN_CONSTANT_CONVERSION = YES;
				CLANG_WARN_DEPRECATED_OBJC_IMPLEMENTATIONS = YES;
				CLANG_WARN_DIRECT_OBJC_ISA_USAGE = YES_ERROR;
				CLANG_WARN_DOCUMENTATION_COMMENTS = YES;
				CLANG_WARN_EMPTY_BODY = YES;
				CLANG_WARN_ENUM_CONVERSION = YES;
				CLANG_WARN_INFINITE_RECURSION = YES;
				CLANG_WARN_INT_CONVERSION = YES;
				CLANG_WARN_NON_LITERAL_NULL_CONVERSION = YES;
				CLANG_WARN_OBJC_IMPLICIT_RETAIN_SELF = YES;
				CLANG_WARN_OBJC_LITERAL_CONVERSION = YES;
				CLANG_WARN_OBJC_ROOT_CLASS = YES_ERROR;
				CLANG_WARN_QUOTED_INCLUDE_IN_FRAMEWORK_HEADER = YES;
				CLANG_WARN_RANGE_LOOP_ANALYSIS = YES;
				CLANG_WARN_STRICT_PROTOTYPES = YES;
				CLANG_WARN_SUSPICIOUS_MOVE = YES;
				CLANG_WARN_UNGUARDED_AVAILABILITY = YES_AGGRESSIVE;
				CLANG_WARN_UNREACHABLE_CODE = YES;
				CLANG_WARN__DUPLICATE_METHOD_MATCH = YES;
				COPY_PHASE_STRIP = NO;
				DEBUG_INFORMATION_FORMAT = "dwarf-with-dsym";
				ENABLE_NS_ASSERTIONS = NO;
				ENABLE_STRICT_OBJC_MSGSEND = YES;
				GCC_C_LANGUAGE_STANDARD = gnu11;
				GCC_NO_COMMON_BLOCKS = YES;
				GCC_WARN_64_TO_32_BIT_CONVERSION = YES;
				GCC_WARN_ABOUT_RETURN_TYPE = YES_ERROR;
				GCC_WARN_UNDECLARED_SELECTOR = YES;
				GCC_WARN_UNINITIALIZED_AUTOS = YES_AGGRESSIVE;
				GCC_WARN_UNUSED_FUNCTION = YES;
				GCC_WARN_UNUSED_VARIABLE = YES;
				IPHONEOS_DEPLOYMENT_TARGET = 16.2;
				MTL_ENABLE_DEBUG_INFO = NO;
				MTL_FAST_MATH = YES;
				SDKROOT = iphoneos;
				SWIFT_COMPILATION_MODE = wholemodule;
				SWIFT_OPTIMIZATION_LEVEL = "-O";
				VALIDATE_PRODUCT = YES;
			};
			name = Release;
		};
		4FB0995629B24ED50055ED74 /* Debug */ = {
			isa = XCBuildConfiguration;
			baseConfigurationReference = E712861FCAFAE9467A5F6E80 /* Pods-Reciplease.debug.xcconfig */;
			buildSettings = {
				ASSETCATALOG_COMPILER_APPICON_NAME = AppIcon;
				ASSETCATALOG_COMPILER_GLOBAL_ACCENT_COLOR_NAME = AccentColor;
				CODE_SIGN_STYLE = Automatic;
				CURRENT_PROJECT_VERSION = 1;
				DEVELOPMENT_TEAM = SSZ659U5H9;
				GENERATE_INFOPLIST_FILE = YES;
				INFOPLIST_FILE = Reciplease/Resources/Info.plist;
				INFOPLIST_KEY_UIApplicationSupportsIndirectInputEvents = YES;
				INFOPLIST_KEY_UILaunchStoryboardName = LaunchScreen;
				INFOPLIST_KEY_UIMainStoryboardFile = Main;
				INFOPLIST_KEY_UISupportedInterfaceOrientations_iPad = "UIInterfaceOrientationPortrait UIInterfaceOrientationPortraitUpsideDown UIInterfaceOrientationLandscapeLeft UIInterfaceOrientationLandscapeRight";
				INFOPLIST_KEY_UISupportedInterfaceOrientations_iPhone = "UIInterfaceOrientationPortrait UIInterfaceOrientationLandscapeLeft UIInterfaceOrientationLandscapeRight";
				IPHONEOS_DEPLOYMENT_TARGET = 16.2;
				LD_RUNPATH_SEARCH_PATHS = (
					"$(inherited)",
					"@executable_path/Frameworks",
				);
				MARKETING_VERSION = 1.0;
				PRODUCT_BUNDLE_IDENTIFIER = com.okami.Reciplease;
				PRODUCT_NAME = "$(TARGET_NAME)";
				SWIFT_EMIT_LOC_STRINGS = YES;
				SWIFT_VERSION = 5.0;
				TARGETED_DEVICE_FAMILY = "1,2";
			};
			name = Debug;
		};
		4FB0995729B24ED50055ED74 /* Release */ = {
			isa = XCBuildConfiguration;
			baseConfigurationReference = C8E1A632EE6638D3F25B1523 /* Pods-Reciplease.release.xcconfig */;
			buildSettings = {
				ASSETCATALOG_COMPILER_APPICON_NAME = AppIcon;
				ASSETCATALOG_COMPILER_GLOBAL_ACCENT_COLOR_NAME = AccentColor;
				CODE_SIGN_STYLE = Automatic;
				CURRENT_PROJECT_VERSION = 1;
				DEVELOPMENT_TEAM = SSZ659U5H9;
				GENERATE_INFOPLIST_FILE = YES;
				INFOPLIST_FILE = Reciplease/Resources/Info.plist;
				INFOPLIST_KEY_UIApplicationSupportsIndirectInputEvents = YES;
				INFOPLIST_KEY_UILaunchStoryboardName = LaunchScreen;
				INFOPLIST_KEY_UIMainStoryboardFile = Main;
				INFOPLIST_KEY_UISupportedInterfaceOrientations_iPad = "UIInterfaceOrientationPortrait UIInterfaceOrientationPortraitUpsideDown UIInterfaceOrientationLandscapeLeft UIInterfaceOrientationLandscapeRight";
				INFOPLIST_KEY_UISupportedInterfaceOrientations_iPhone = "UIInterfaceOrientationPortrait UIInterfaceOrientationLandscapeLeft UIInterfaceOrientationLandscapeRight";
				IPHONEOS_DEPLOYMENT_TARGET = 16.2;
				LD_RUNPATH_SEARCH_PATHS = (
					"$(inherited)",
					"@executable_path/Frameworks",
				);
				MARKETING_VERSION = 1.0;
				PRODUCT_BUNDLE_IDENTIFIER = com.okami.Reciplease;
				PRODUCT_NAME = "$(TARGET_NAME)";
				SWIFT_EMIT_LOC_STRINGS = YES;
				SWIFT_VERSION = 5.0;
				TARGETED_DEVICE_FAMILY = "1,2";
			};
			name = Release;
		};
		4FB0995929B24ED50055ED74 /* Debug */ = {
			isa = XCBuildConfiguration;
			baseConfigurationReference = 6239CC03FEE690AAEB3ABEDE /* Pods-RecipleaseTests.debug.xcconfig */;
			buildSettings = {
				BUNDLE_LOADER = "$(TEST_HOST)";
				CODE_SIGN_STYLE = Automatic;
				CURRENT_PROJECT_VERSION = 1;
				DEVELOPMENT_TEAM = SSZ659U5H9;
				GENERATE_INFOPLIST_FILE = YES;
				IPHONEOS_DEPLOYMENT_TARGET = 16.2;
				MARKETING_VERSION = 1.0;
				PRODUCT_BUNDLE_IDENTIFIER = com.okami.RecipleaseTests;
				PRODUCT_NAME = "$(TARGET_NAME)";
				SWIFT_EMIT_LOC_STRINGS = NO;
				SWIFT_VERSION = 5.0;
				TARGETED_DEVICE_FAMILY = "1,2";
				TEST_HOST = "$(BUILT_PRODUCTS_DIR)/Reciplease.app/$(BUNDLE_EXECUTABLE_FOLDER_PATH)/Reciplease";
			};
			name = Debug;
		};
		4FB0995A29B24ED50055ED74 /* Release */ = {
			isa = XCBuildConfiguration;
			baseConfigurationReference = 7D67839DE7D4051E467D18A5 /* Pods-RecipleaseTests.release.xcconfig */;
			buildSettings = {
				BUNDLE_LOADER = "$(TEST_HOST)";
				CODE_SIGN_STYLE = Automatic;
				CURRENT_PROJECT_VERSION = 1;
				DEVELOPMENT_TEAM = SSZ659U5H9;
				GENERATE_INFOPLIST_FILE = YES;
				IPHONEOS_DEPLOYMENT_TARGET = 16.2;
				MARKETING_VERSION = 1.0;
				PRODUCT_BUNDLE_IDENTIFIER = com.okami.RecipleaseTests;
				PRODUCT_NAME = "$(TARGET_NAME)";
				SWIFT_EMIT_LOC_STRINGS = NO;
				SWIFT_VERSION = 5.0;
				TARGETED_DEVICE_FAMILY = "1,2";
				TEST_HOST = "$(BUILT_PRODUCTS_DIR)/Reciplease.app/$(BUNDLE_EXECUTABLE_FOLDER_PATH)/Reciplease";
			};
			name = Release;
		};
		4FB0995C29B24ED50055ED74 /* Debug */ = {
			isa = XCBuildConfiguration;
			baseConfigurationReference = DEF3A27D67F94DA8A25EE1C7 /* Pods-Reciplease-RecipleaseUITests.debug.xcconfig */;
			buildSettings = {
				CODE_SIGN_STYLE = Automatic;
				CURRENT_PROJECT_VERSION = 1;
				DEVELOPMENT_TEAM = SSZ659U5H9;
				GENERATE_INFOPLIST_FILE = YES;
				MARKETING_VERSION = 1.0;
				PRODUCT_BUNDLE_IDENTIFIER = com.okami.RecipleaseUITests;
				PRODUCT_NAME = "$(TARGET_NAME)";
				SWIFT_EMIT_LOC_STRINGS = NO;
				SWIFT_VERSION = 5.0;
				TARGETED_DEVICE_FAMILY = "1,2";
				TEST_TARGET_NAME = Reciplease;
			};
			name = Debug;
		};
		4FB0995D29B24ED50055ED74 /* Release */ = {
			isa = XCBuildConfiguration;
			baseConfigurationReference = 6C277BB9C5430D8E38C3C160 /* Pods-Reciplease-RecipleaseUITests.release.xcconfig */;
			buildSettings = {
				CODE_SIGN_STYLE = Automatic;
				CURRENT_PROJECT_VERSION = 1;
				DEVELOPMENT_TEAM = SSZ659U5H9;
				GENERATE_INFOPLIST_FILE = YES;
				MARKETING_VERSION = 1.0;
				PRODUCT_BUNDLE_IDENTIFIER = com.okami.RecipleaseUITests;
				PRODUCT_NAME = "$(TARGET_NAME)";
				SWIFT_EMIT_LOC_STRINGS = NO;
				SWIFT_VERSION = 5.0;
				TARGETED_DEVICE_FAMILY = "1,2";
				TEST_TARGET_NAME = Reciplease;
			};
			name = Release;
		};
/* End XCBuildConfiguration section */

/* Begin XCConfigurationList section */
		4FB0992329B24ED30055ED74 /* Build configuration list for PBXProject "Reciplease" */ = {
			isa = XCConfigurationList;
			buildConfigurations = (
				4FB0995329B24ED50055ED74 /* Debug */,
				4FB0995429B24ED50055ED74 /* Release */,
			);
			defaultConfigurationIsVisible = 0;
			defaultConfigurationName = Release;
		};
		4FB0995529B24ED50055ED74 /* Build configuration list for PBXNativeTarget "Reciplease" */ = {
			isa = XCConfigurationList;
			buildConfigurations = (
				4FB0995629B24ED50055ED74 /* Debug */,
				4FB0995729B24ED50055ED74 /* Release */,
			);
			defaultConfigurationIsVisible = 0;
			defaultConfigurationName = Release;
		};
		4FB0995829B24ED50055ED74 /* Build configuration list for PBXNativeTarget "RecipleaseTests" */ = {
			isa = XCConfigurationList;
			buildConfigurations = (
				4FB0995929B24ED50055ED74 /* Debug */,
				4FB0995A29B24ED50055ED74 /* Release */,
			);
			defaultConfigurationIsVisible = 0;
			defaultConfigurationName = Release;
		};
		4FB0995B29B24ED50055ED74 /* Build configuration list for PBXNativeTarget "RecipleaseUITests" */ = {
			isa = XCConfigurationList;
			buildConfigurations = (
				4FB0995C29B24ED50055ED74 /* Debug */,
				4FB0995D29B24ED50055ED74 /* Release */,
			);
			defaultConfigurationIsVisible = 0;
			defaultConfigurationName = Release;
		};
/* End XCConfigurationList section */
	};
	rootObject = 4FB0992029B24ED30055ED74 /* Project object */;
}
